{
  "lockfile_version": "1",
  "packages": {
    "android-tools": {
      "resolved": "github:NixOS/nixpkgs/aff8a0b28396750446e5537a96461bc4facdb287?narHash=sha256-xfX%2FtoC2QV707s06GbP4II%2FTxYF0fNQj7s5%2FLClNDKc%3D#android-tools",
      "source": "nixpkg",
      "systems": {
        "x86_64-linux": {
          "outputs": [
            {
              "path": "/nix/store/mcbpd0lzv6gl5pan8njd72wzczi3v3r2-android-tools-37.0.0",
              "default": true
            }
          ]
        }
      }
    },
    "gcc": {
      "resolved": "github:NixOS/nixpkgs/aff8a0b28396750446e5537a96461bc4facdb287?narHash=sha256-xfX%2FtoC2QV707s06GbP4II%2FTxYF0fNQj7s5%2FLClNDKc%3D#gcc",
      "source": "nixpkg",
      "systems": {
        "x86_64-linux": {
          "outputs": [
            {
              "name": "man",
              "path": "/nix/store/r9jnz81b0fwhfzybpbmfix80x6b4a19k-gcc-wrapper-15.3.0-man",
              "default": true
            },
            {
              "path": "/nix/store/w88q44gqd1qg5wmkk7v0h97rpiqvam0l-gcc-wrapper-15.3.0",
              "default": true
            }
          ]
        }
      }
    },
    "git": {
      "resolved": "github:NixOS/nixpkgs/aff8a0b28396750446e5537a96461bc4facdb287?narHash=sha256-xfX%2FtoC2QV707s06GbP4II%2FTxYF0fNQj7s5%2FLClNDKc%3D#git",
      "source": "nixpkg",
      "systems": {
        "x86_64-linux": {
          "outputs": [
            {
              "path": "/nix/store/8yjpgadavqdwphcd2kw4dfvxmgdp5sb3-git-2.55.0",
              "default": true
            }
          ]
        }
      }
    },
    "github:NixOS/nixpkgs/nixpkgs-unstable": {
      "last_modified": "2026-09-10T20:56:27Z",
      "resolved": "github:NixOS/nixpkgs/aff8a0b28396750446e5537a96461bc4facdb287?lastModified=1789073787&narHash=sha256-xfX%2FtoC2QV707s06GbP4II%2FTxYF0fNQj7s5%2FLClNDKc%3D"
    },
    "gnumake": {
      "resolved": "github:NixOS/nixpkgs/aff8a0b28396750446e5537a96461bc4facdb287?narHash=sha256-xfX%2FtoC2QV707s06GbP4II%2FTxYF0fNQj7s5%2FLClNDKc%3D#gnumake",
      "source": "nixpkg",
      "systems": {
        "x86_64-linux": {
          "outputs": [
            {
              "path": "/nix/store/7ydf0dzbsq7w35bxifci2mslm76pw1qf-gnumake-4.4.1",
              "default": true
            },
            {
              "name": "man",
              "path": "/nix/store/hnx4nm22wyl3qs52d66syyldypfyc88q-gnumake-4.4.1-man",
              "default": true
            }
          ]
        }
      }
    },
    "nodejs@22": {
      "last_modified": "2026-08-27T07:16:00Z",
      "plugin_version": "0.0.4",
      "resolved": "github:NixOS/nixpkgs/c27cdad491a991b11ed731760aa2ef8db0cb0410#nodejs_22",
      "source": "devbox-search",
      "version": "22.23.2",
      "systems": {
        "aarch64-darwin": {
          "outputs": [
            {
              "name": "out",
              "path": "/nix/store/6hbiyfa4gzcjr6bnr440nnwznlsaldlc-nodejs-22.23.2",
              "default": true
            }
          ],
          "store_path": "/nix/store/6hbiyfa4gzcjr6bnr440nnwznlsaldlc-nodejs-22.23.2"
        },
        "aarch64-linux": {
          "outputs": [
            {
              "name": "out",
              "path": "/nix/store/v6xnbaql2wc91k13xcfhr60r52ich6bw-nodejs-22.23.2",
              "default": true
            }
          ],
          "store_path": "/nix/store/v6xnbaql2wc91k13xcfhr60r52ich6bw-nodejs-22.23.2"
        },
        "x86_64-linux": {
          "outputs": [
            {
              "name": "out",
              "path": "/nix/store/gf597zf0ysgbngwb92baxgxjd02px6jh-nodejs-22.23.2",
              "default": true
            }
          ],
          "store_path": "/nix/store/gf597zf0ysgbngwb92baxgxjd02px6jh-nodejs-22.23.2"
        }
      }
    },
    "openjdk@17": {
      "last_modified": "2022-11-21T15:52:25Z",
      "resolved": "github:NixOS/nixpkgs/6b5019a48f876f3288efc626fa8b70ad0c64eb46#openjdk",
      "source": "devbox-search",
      "version": "17.0.3",
      "systems": {
        "x86_64-linux": {
          "outputs": [
            {
              "path": "/nix/store/ca5zjmdcha9wa4gfvw7vhmz5wkr1ra66-openjdk-17.0.4+8",
              "default": true
            }
          ]
        }
      }
    },
    "pkg-config": {
      "resolved": "github:NixOS/nixpkgs/aff8a0b28396750446e5537a96461bc4facdb287?narHash=sha256-xfX%2FtoC2QV707s06GbP4II%2FTxYF0fNQj7s5%2FLClNDKc%3D#pkg-config",
      "source": "nixpkg",
      "systems": {
        "x86_64-linux": {
          "outputs": [
            {
              "path": "/nix/store/7fx93fz9c809w8yjxb0934zw6xcjis58-pkg-config-wrapper-0.29.2",
              "default": true
            },
            {
              "name": "man",
              "path": "/nix/store/q6ajijr2vsj3hp8k6x6jddipc6hz1mnl-pkg-config-wrapper-0.29.2-man",
              "default": true
            }
          ]
        }
      }
    },
    "pnpm": {
      "resolved": "github:NixOS/nixpkgs/aff8a0b28396750446e5537a96461bc4facdb287?narHash=sha256-xfX%2FtoC2QV707s06GbP4II%2FTxYF0fNQj7s5%2FLClNDKc%3D#pnpm",
      "source": "nixpkg",
      "systems": {
        "x86_64-linux": {
          "outputs": [
            {
              "path": "/nix/store/k70pp6bggs7w5hb6zml1yj9iychqjmqc-pnpm-11.25.0",
              "default": true
            }
          ]
        }
      }
    },
    "python3": {
      "plugin_version": "0.0.5",
      "resolved": "github:NixOS/nixpkgs/aff8a0b28396750446e5537a96461bc4facdb287?narHash=sha256-xfX%2FtoC2QV707s06GbP4II%2FTxYF0fNQj7s5%2FLClNDKc%3D#python3",
      "source": "nixpkg",
      "systems": {
        "x86_64-linux": {
          "outputs": [
            {
              "path": "/nix/store/b5bpi6zfajzzrwwpgba2q6li3nnya4bs-python3-3.14.7",
              "default": true
            }
          ]
        }
      }
    },
    "unzip": {
      "resolved": "github:NixOS/nixpkgs/aff8a0b28396750446e5537a96461bc4facdb287?narHash=sha256-xfX%2FtoC2QV707s06GbP4II%2FTxYF0fNQj7s5%2FLClNDKc%3D#unzip",
      "source": "nixpkg",
      "systems": {
        "x86_64-linux": {
          "outputs": [
            {
              "path": "/nix/store/bwr215dlsd7k4r1j00m05h425i32hff9-unzip-6.0",
              "default": true
            }
          ]
        }
      }
    },
    "watchman": {
      "resolved": "github:NixOS/nixpkgs/aff8a0b28396750446e5537a96461bc4facdb287?narHash=sha256-xfX%2FtoC2QV707s06GbP4II%2FTxYF0fNQj7s5%2FLClNDKc%3D#watchman",
      "source": "nixpkg",
      "systems": {
        "x86_64-linux": {
          "outputs": [
            {
              "path": "/nix/store/34rkhqyi9rx0vv9ccmyfh95ssr63fhfc-watchman-2026.07.27.00",
              "default": true
            }
          ]
        }
      }
    }
  }
}
